
Microsoft Visual Studio Solution File, Format Version 12.00
# Visual Studio Version 17
VisualStudioVersion = 17.8.34601.278
MinimumVisualStudioVersion = 10.0.40219.1
Project("{FAE04EC0-301F-11D3-BF4B-00C04F79EFBC}") = "GenericsDemo", "GenericsDemo\GenericsDemo.csproj", "{A00C1CA8-E88A-41B1-8803-AB1B04DB9012}"
EndProject
Global
	GlobalSection(SolutionConfigurationPlatforms) = preSolution
		Debug|Any CPU = Debug|Any CPU
		Release|Any CPU = Release|Any CPU
	EndGlobalSection
	GlobalSection(ProjectConfigurationPlatforms) = postSolution
		{A00C1CA8-E88A-41B1-8803-AB1B04DB9012}.Debug|Any CPU.ActiveCfg = Debug|Any CPU
		{A00C1CA8-E88A-41B1-8803-AB1B04DB9012}.Debug|Any CPU.Build.0 = Debug|Any CPU
		{A00C1CA8-E88A-41B1-8803-AB1B04DB9012}.Release|Any CPU.ActiveCfg = Release|Any CPU
		{A00C1CA8-E88A-41B1-8803-AB1B04DB9012}.Release|Any CPU.Build.0 = Release|Any CPU
	EndGlobalSection
	GlobalSection(SolutionProperties) = preSolution
		HideSolutionNode = FALSE
	EndGlobalSection
	GlobalSection(ExtensibilityGlobals) = postSolution
		SolutionGuid = {542366E0-AFCB-44E8-8B68-7E4A292485B9}
	EndGlobalSection
EndGlobal
